
Microsoft Visual Studio Solution File, Format Version 12.00
# Visual Studio Version 17
VisualStudioVersion = 17.5.001.0
MinimumVisualStudioVersion = 10.0.40219.1
Project("{9A19103F-16F7-4668-BE54-9A1E7A4F7556}") = "csharp", "csharp.csproj", "{AAA9FBE1-9516-43A4-9D4F-4F5721645BA7}"
EndProject
Global
	GlobalSection(SolutionConfigurationPlatforms) = preSolution
		Debug|Any CPU = Debug|Any CPU
		Release|Any CPU = Release|Any CPU
	EndGlobalSection
	GlobalSection(ProjectConfigurationPlatforms) = postSolution
		{AAA9FBE1-9516-43A4-9D4F-4F5721645BA7}.Debug|Any CPU.ActiveCfg = Debug|Any CPU
		{AAA9FBE1-9516-43A4-9D4F-4F5721645BA7}.Debug|Any CPU.Build.0 = Debug|Any CPU
		{AAA9FBE1-9516-43A4-9D4F-4F5721645BA7}.Release|Any CPU.ActiveCfg = Release|Any CPU
		{AAA9FBE1-9516-43A4-9D4F-4F5721645BA7}.Release|Any CPU.Build.0 = Release|Any CPU
	EndGlobalSection
	GlobalSection(SolutionProperties) = preSolution
		HideSolutionNode = FALSE
	EndGlobalSection
	GlobalSection(ExtensibilityGlobals) = postSolution
		SolutionGuid = {03D946B1-0BF5-43FA-A16F-3BEBABEB6CCC}
	EndGlobalSection
EndGlobal
