# This file is automatically @generated by Cargo.
# It is not intended for manual editing.
version = 3

[[package]]
name = "faf"
version = "0.6.0"
source = "git+https://github.com/errantmind/faf.git#2b1456d3fb492811c173c1c467f656df543ffdc6"

[[package]]
name = "faf-ex"
version = "0.2.0"
dependencies = [
 "faf",
]
